github.com/gen2brain/go-fitz v1.20.2 h1:4FPJCU/ImQ32oojBsYn/+oTkRORxbAhAA+Yw1Fm97MA=
github.com/gen2brain/go-fitz v1.20.2/go.mod h1:YbQPODTC/UnQ/RK4JyD3zfpDQ19UKiV85nMMT3XpT0s=
github.com/gingfrederik/docx v0.0.1 h1:XciAehRNcFThJnH1ESfOb7amAYk6IGkvFHtVyTNn0oM=
github.com/gingfrederik/docx v0.0.1/go.mod h1:0+v8qYUEEQr66ZKvnQKVhrZBX59pG1MSsQpTYSYOC0A=
