github.com/gen2brain/go-fitz v1.20.2 h1:4FPJCU/ImQ32oojBsYn/+oTkRORxbAhAA+Yw1Fm97MA=
github.com/gen2brain/go-fitz v1.20.2/go.mod h1:YbQPODTC/UnQ/RK4JyD3zfpDQ19UKiV85nMMT3XpT0s=
github.com/ledongthuc/pdf v0.0.0-20220302134840-0c2507a12d80 h1:6Yzfa6GP0rIo/kULo2bwGEkFvCePZ3qHDDTC3/J9Swo=
github.com/ledongthuc/pdf v0.0.0-20220302134840-0c2507a12d80/go.mod h1:imJHygn/1yfhB7XSJJKlFZKl/J+dCPAknuiaGOshXAs=
